{
  "nodes": {
    "flake-parts": {
      "inputs": {
        "nixpkgs-lib": "nixpkgs-lib"
      },
      "locked": {
        "lastModified": 1738453229,
        "narHash": "sha256-7H9XgNiGLKN1G1CgRh0vUL4AheZSYzPm+zmZ7vxbJdo=",
        "owner": "hercules-ci",
        "repo": "flake-parts",
        "rev": "32ea77a06711b758da0ad9bd6a844c5740a87abd",
        "type": "github"
      },
      "original": {
        "owner": "hercules-ci",
        "repo": "flake-parts",
        "type": "github"
      }
    },
    "nixpkgs": {
      "locked": {
        "lastModified": 1739214665,
        "narHash": "sha256-26L8VAu3/1YRxS8MHgBOyOM8xALdo6N0I04PgorE7UM=",
        "owner": "NixOS",
        "repo": "nixpkgs",
        "rev": "64e75cd44acf21c7933d61d7721e812eac1b5a0a",
        "type": "github"
      },
      "original": {
        "owner": "NixOS",
        "ref": "nixos-unstable",
        "repo": "nixpkgs",
        "type": "github"
      }
    },
    "nixpkgs-lib": {
      "locked": {
        "lastModified": 1738452942,
        "narHash": "sha256-vJzFZGaCpnmo7I6i416HaBLpC+hvcURh/BQwROcGIp8=",
        "type": "tarball",
        "url": "https://github.com/NixOS/nixpkgs/archive/072a6db25e947df2f31aab9eccd0ab75d5b2da11.tar.gz"
      },
      "original": {
        "type": "tarball",
        "url": "https://github.com/NixOS/nixpkgs/archive/072a6db25e947df2f31aab9eccd0ab75d5b2da11.tar.gz"
      }
    },
    "nuget-packageslock2nix": {
      "inputs": {
        "nixpkgs": [
          "nixpkgs"
        ]
      },
      "locked": {
        "lastModified": 1690832952,
        "narHash": "sha256-lK8lnmcy+4aj0zBUDNh4icamVgQ2jlIKPNx007/zEOA=",
        "owner": "mdarocha",
        "repo": "nuget-packageslock2nix",
        "rev": "5897dae0aaee226bce938afd787ada535a8f0ea2",
        "type": "github"
      },
      "original": {
        "owner": "mdarocha",
        "ref": "main",
        "repo": "nuget-packageslock2nix",
        "type": "github"
      }
    },
    "plane-spheres-materials": {
      "flake": false,
      "locked": {
        "lastModified": 1739169657,
        "narHash": "sha256-fJXDww/6r7m6EnzXjLR42C2jWANqdxoWTENLYEt9SDg=",
        "path": "/home/ryanl/git-repos/godot-projects/planespheres/game/materials/",
        "type": "path"
      },
      "original": {
        "path": "/home/ryanl/git-repos/godot-projects/planespheres/game/materials/",
        "type": "path"
      }
    },
    "plane-spheres-materials-tar": {
      "flake": false,
      "locked": {
        "lastModified": 1,
        "narHash": "sha256-f7cTyTGmLqkSGH7AAKuhc9zgqXsm3vu29n1sDEqLqE8=",
        "type": "tarball",
        "url": "https://www.planespheres.com/materials/plane-spheres-materials.tar.gz"
      },
      "original": {
        "type": "tarball",
        "url": "https://www.planespheres.com/materials/plane-spheres-materials.tar.gz"
      }
    },
    "process-compose-flake": {
      "locked": {
        "lastModified": 1733325752,
        "narHash": "sha256-79tzPuXNRo1NUllafYW6SjeLtjqfnLGq7tHCM7cAXNg=",
        "owner": "Platonic-Systems",
        "repo": "process-compose-flake",
        "rev": "1012530b582f1bd3b102295c799358d95abf42d7",
        "type": "github"
      },
      "original": {
        "owner": "Platonic-Systems",
        "repo": "process-compose-flake",
        "type": "github"
      }
    },
    "root": {
      "inputs": {
        "flake-parts": "flake-parts",
        "nixpkgs": "nixpkgs",
        "nuget-packageslock2nix": "nuget-packageslock2nix",
        "plane-spheres-materials": "plane-spheres-materials",
        "plane-spheres-materials-tar": "plane-spheres-materials-tar"
      }
    }
  },
  "root": "root",
  "version": 7
}
