{
  "nodes": {
    "flake-parts": {
      "inputs": {
        "nixpkgs-lib": "nixpkgs-lib"
      },
      "locked": {
        "lastModified": 1736143030,
        "narHash": "sha256-+hu54pAoLDEZT9pjHlqL9DNzWz0NbUn8NEAHP7PQPzU=",
        "owner": "hercules-ci",
        "repo": "flake-parts",
        "rev": "b905f6fc23a9051a6e1b741e1438dbfc0634c6de",
        "type": "github"
      },
      "original": {
        "owner": "hercules-ci",
        "repo": "flake-parts",
        "type": "github"
      }
    },
    "nixpkgs": {
      "locked": {
        "lastModified": 1737469691,
        "narHash": "sha256-nmKOgAU48S41dTPIXAq0AHZSehWUn6ZPrUKijHAMmIk=",
        "owner": "NixOS",
        "repo": "nixpkgs",
        "rev": "9e4d5190a9482a1fb9d18adf0bdb83c6e506eaab",
        "type": "github"
      },
      "original": {
        "owner": "NixOS",
        "ref": "nixos-unstable",
        "repo": "nixpkgs",
        "type": "github"
      }
    },
    "nixpkgs-lib": {
      "locked": {
        "lastModified": 1735774519,
        "narHash": "sha256-CewEm1o2eVAnoqb6Ml+Qi9Gg/EfNAxbRx1lANGVyoLI=",
        "type": "tarball",
        "url": "https://github.com/NixOS/nixpkgs/archive/e9b51731911566bbf7e4895475a87fe06961de0b.tar.gz"
      },
      "original": {
        "type": "tarball",
        "url": "https://github.com/NixOS/nixpkgs/archive/e9b51731911566bbf7e4895475a87fe06961de0b.tar.gz"
      }
    },
    "nuget-packageslock2nix": {
      "inputs": {
        "nixpkgs": [
          "nixpkgs"
        ]
      },
      "locked": {
        "lastModified": 1690832952,
        "narHash": "sha256-lK8lnmcy+4aj0zBUDNh4icamVgQ2jlIKPNx007/zEOA=",
        "owner": "mdarocha",
        "repo": "nuget-packageslock2nix",
        "rev": "5897dae0aaee226bce938afd787ada535a8f0ea2",
        "type": "github"
      },
      "original": {
        "owner": "mdarocha",
        "ref": "main",
        "repo": "nuget-packageslock2nix",
        "type": "github"
      }
    },
    "plane-spheres-materials": {
      "flake": false,
      "locked": {
        "lastModified": 1738047650,
        "narHash": "sha256-fJXDww/6r7m6EnzXjLR42C2jWANqdxoWTENLYEt9SDg=",
        "path": "/home/ryanl/git-repos/godot-projects/planespheres/game/materials/",
        "type": "path"
      },
      "original": {
        "path": "/home/ryanl/git-repos/godot-projects/planespheres/game/materials/",
        "type": "path"
      }
    },
    "plane-spheres-materials-tar": {
      "flake": false,
      "locked": {
        "lastModified": 1,
        "narHash": "sha256-f7cTyTGmLqkSGH7AAKuhc9zgqXsm3vu29n1sDEqLqE8=",
        "type": "tarball",
        "url": "https://www.planespheres.com/materials/plane-spheres-materials.tar.gz"
      },
      "original": {
        "type": "tarball",
        "url": "https://www.planespheres.com/materials/plane-spheres-materials.tar.gz"
      }
    },
    "root": {
      "inputs": {
        "flake-parts": "flake-parts",
        "nixpkgs": "nixpkgs",
        "nuget-packageslock2nix": "nuget-packageslock2nix",
        "plane-spheres-materials": "plane-spheres-materials",
        "plane-spheres-materials-tar": "plane-spheres-materials-tar"
      }
    }
  },
  "root": "root",
  "version": 7
}
